
Microsoft Visual Studio Solution File, Format Version 12.00
# Visual Studio Version 16
VisualStudioVersion = 16.0.31727.386
MinimumVisualStudioVersion = 10.0.40219.1
Project("{FAE04EC0-301F-11D3-BF4B-00C04F79EFBC}") = "ComanderGraphQl", "ComanderGraphQl\ComanderGraphQl.csproj", "{60F88124-C858-4283-80C3-A11342F04DF9}"
EndProject
Global
	GlobalSection(SolutionConfigurationPlatforms) = preSolution
		Debug|Any CPU = Debug|Any CPU
		Release|Any CPU = Release|Any CPU
	EndGlobalSection
	GlobalSection(ProjectConfigurationPlatforms) = postSolution
		{60F88124-C858-4283-80C3-A11342F04DF9}.Debug|Any CPU.ActiveCfg = Debug|Any CPU
		{60F88124-C858-4283-80C3-A11342F04DF9}.Debug|Any CPU.Build.0 = Debug|Any CPU
		{60F88124-C858-4283-80C3-A11342F04DF9}.Release|Any CPU.ActiveCfg = Release|Any CPU
		{60F88124-C858-4283-80C3-A11342F04DF9}.Release|Any CPU.Build.0 = Release|Any CPU
	EndGlobalSection
	GlobalSection(SolutionProperties) = preSolution
		HideSolutionNode = FALSE
	EndGlobalSection
	GlobalSection(ExtensibilityGlobals) = postSolution
		SolutionGuid = {05F67579-D17F-477E-A522-9DE7536617E5}
	EndGlobalSection
EndGlobal
